# This file is automatically @generated by Cargo.
# It is not intended for manual editing.
version = 4

[[package]]
name = "exact-covers"
version = "0.3.0"
dependencies = [
 "smallvec",
]

[[package]]
name = "smallvec"
version = "2.0.0-alpha.12"
source = "registry+https://github.com/rust-lang/crates.io-index"
checksum = "ef784004ca8777809dcdad6ac37629f0a97caee4c685fcea805278d81dd8b857"
