# This file is automatically @generated by Cargo.
# It is not intended for manual editing.
version = 4

[[package]]
name = "allocator-api2"
version = "0.4.0"
source = "registry+https://github.com/rust-lang/crates.io-index"
checksum = "c880a97d28a3681c0267bd29cff89621202715b065127cd445fa0f0fe0aa2880"

[[package]]
name = "exact-covers"
version = "0.3.0"
dependencies = [
 "smallvec",
]

[[package]]
name = "smallvec"
version = "2.0.0-beta.1"
source = "registry+https://github.com/rust-lang/crates.io-index"
checksum = "bd1297afc8b4a5effb27b97efdf6b3595a2a8a9cee776d94820aa76d9f5a3abc"
dependencies = [
 "allocator-api2",
]
